# THIS IS AN AUTOGENERATED FILE. DO NOT EDIT THIS FILE DIRECTLY.
# yarn lockfile v1


eslint-plugin-react-hooks@^2.2.0:
  version "2.2.0"
  resolved "https://registry.yarnpkg.com/eslint-plugin-react-hooks/-/eslint-plugin-react-hooks-2.2.0.tgz#078264e9e388da6929ace09d6abe92c85963aff4"
  integrity sha512-jSlnBjV2cmyIeL555H/FbvuSbQ1AtpHjLMHuPrQnt1eVA6lX8yufdygh7AArI2m8ct7ChHGx2uOaCuxq2MUn6g==
