# THIS IS AN AUTOGENERATED FILE. DO NOT EDIT THIS FILE DIRECTLY.
# yarn lockfile v1


"@eslint-community/eslint-utils@^4.9.1":
  version "4.9.1"
  resolved "https://registry.yarnpkg.com/@eslint-community/eslint-utils/-/eslint-utils-4.9.1.tgz#4e90af67bc51ddee6cdef5284edf572ec376b595"
  integrity sha512-phrYmNiYppR7znFEdqgfWHXR6NCkZEK7hwWDHZUjit/2/U0r6XvkDl0SYnoM51Hq7FhCGdLDT6zxCCOY1hexsQ==
  dependencies:
    eslint-visitor-keys "^3.4.3"

"@eslint-community/regexpp@^4.12.2":
  version "4.12.2"
  resolved "https://registry.yarnpkg.com/@eslint-community/regexpp/-/regexpp-4.12.2.tgz#bccdf615bcf7b6e8db830ec0b8d21c9a25de597b"
  integrity sha512-EriSTlt5OC9/7SXkRSCAhfSxxoSUgBm33OH+IkwbdpgoqsSsUg7y3uh+IICI/Qg4BBWr3U2i39RpmycbxMq4ew==

"@typescript-eslint/eslint-plugin@^8.59.4":
  version "8.59.4"
  resolved "https://registry.yarnpkg.com/@typescript-eslint/eslint-plugin/-/eslint-plugin-8.59.4.tgz#c67bfee32caae9cb587dce1ac59c3bf43b659707"
  integrity sha512-PegsU+XfyJJNjd4+u/k6f9yTyp0lEXXiPopUNobZcIAUJFGICFLN+sP0Rb3JehVmiij1Ph0dFGYqODoRo/2+6A==
  dependencies:
    "@eslint-community/regexpp" "^4.12.2"
    "@typescript-eslint/scope-manager" "8.59.4"
    "@typescript-eslint/type-utils" "8.59.4"
    "@typescript-eslint/utils" "8.59.4"
    "@typescript-eslint/visitor-keys" "8.59.4"
    ignore "^7.0.5"
    natural-compare "^1.4.0"
    ts-api-utils "^2.5.0"

"@typescript-eslint/parser@^8.59.4":
  version "8.59.4"
  resolved "https://registry.yarnpkg.com/@typescript-eslint/parser/-/parser-8.59.4.tgz#77d99e3b27663e7a22cf12c3fb769db509e5e93c"
  integrity sha512-zORHqO/tuhxY1zWuTvMUqddRxpiFJ72xVfcNoWpqdLjs6lfPbuQBJuW4pk+49/uBMy7Ssr4bzgjiKmmDB1UbZQ==
  dependencies:
    "@typescript-eslint/scope-manager" "8.59.4"
    "@typescript-eslint/types" "8.59.4"
    "@typescript-eslint/typescript-estree" "8.59.4"
    "@typescript-eslint/visitor-keys" "8.59.4"
    debug "^4.4.3"

"@typescript-eslint/project-service@8.59.4":
  version "8.59.4"
  resolved "https://registry.yarnpkg.com/@typescript-eslint/project-service/-/project-service-8.59.4.tgz#5830535a0e7a3ae806e2669964f47a74c4bc6b0e"
  integrity sha512-Ly00Vu4oAacfDeHp2Zg85ioNG6l8HG+tN1D7J+xTHSxu9y0awYKJ2zH1rFBn8ZSfuGK+7FxK3Cgl3uAz0aZZLg==
  dependencies:
    "@typescript-eslint/tsconfig-utils" "^8.59.4"
    "@typescript-eslint/types" "^8.59.4"
    debug "^4.4.3"

"@typescript-eslint/scope-manager@8.59.4":
  version "8.59.4"
  resolved "https://registry.yarnpkg.com/@typescript-eslint/scope-manager/-/scope-manager-8.59.4.tgz#507d1258c758147dac1adee9517a205a8ac1e046"
  integrity sha512-mUeR/3H1WrTAddJrwut8OoPjfauaztMQmRwV5fQTUyNVJCLiUXXe4lGEyYIL2oFDpP7UtgbGJXCt72wT0z2S3Q==
  dependencies:
    "@typescript-eslint/types" "8.59.4"
    "@typescript-eslint/visitor-keys" "8.59.4"

"@typescript-eslint/tsconfig-utils@8.59.4", "@typescript-eslint/tsconfig-utils@^8.59.4":
  version "8.59.4"
  resolved "https://registry.yarnpkg.com/@typescript-eslint/tsconfig-utils/-/tsconfig-utils-8.59.4.tgz#218ba229d96dde35212e3a76a7d0a6bc831398be"
  integrity sha512-DLCpnKgD4alVxTBSKulK+gU1KCqOgUXfDRDXh2mZgzokQKa/70ax93I2uVO3m/LLvIAtWZIFoiifudmIqAxpMA==

"@typescript-eslint/type-utils@8.59.4":
  version "8.59.4"
  resolved "https://registry.yarnpkg.com/@typescript-eslint/type-utils/-/type-utils-8.59.4.tgz#359fc53ba39a1f1860fddda40ebe5bfe0d87faed"
  integrity sha512-uonTuPAAKr9XaBGqJ3LjYTh72zy5DyGesljO9gtmk/eFW0W1fRHjnwVYKB35Lm8d5Q5CluEW3gPHjTvZTmgrfA==
  dependencies:
    "@typescript-eslint/types" "8.59.4"
    "@typescript-eslint/typescript-estree" "8.59.4"
    "@typescript-eslint/utils" "8.59.4"
    debug "^4.4.3"
    ts-api-utils "^2.5.0"

"@typescript-eslint/types@8.59.4", "@typescript-eslint/types@^8.59.4":
  version "8.59.4"
  resolved "https://registry.yarnpkg.com/@typescript-eslint/types/-/types-8.59.4.tgz#c29d5c21bfbaa8347ddc677d3ac1fcd2db0f848e"
  integrity sha512-F1o7WJcCq+bc8dwcO/YsSEOudAH8RDtaOhM6wcAQhcUsFhnWQl81JKy48q1hoxAU0qrzM89+31GYh1515Zde3Q==

"@typescript-eslint/typescript-estree@8.59.4":
  version "8.59.4"
  resolved "https://registry.yarnpkg.com/@typescript-eslint/typescript-estree/-/typescript-estree-8.59.4.tgz#d005e5e1fb425526f39685594bed34a04ad755ea"
  integrity sha512-F+RuOmcDXo4+TPdfd/TCLS3m2nw8gE9XXyZLrA3JBfaA5tz9TtdkyD3YJFmPxulyc2cKbEok/CvFE3MgSLWnag==
  dependencies:
    "@typescript-eslint/project-service" "8.59.4"
    "@typescript-eslint/tsconfig-utils" "8.59.4"
    "@typescript-eslint/types" "8.59.4"
    "@typescript-eslint/visitor-keys" "8.59.4"
    debug "^4.4.3"
    minimatch "^10.2.2"
    semver "^7.7.3"
    tinyglobby "^0.2.15"
    ts-api-utils "^2.5.0"

"@typescript-eslint/utils@8.59.4":
  version "8.59.4"
  resolved "https://registry.yarnpkg.com/@typescript-eslint/utils/-/utils-8.59.4.tgz#8ccd2b08aecc72c7efc0d7ac6695631d199d256e"
  integrity sha512-cYXeNAUsG4lJo5dbc1FcKm+JwIWrj1/UpTORsC6tGMjEZ81DYcvIr9/ueikhMa/Y/gDQYGp+YX9/xQrXje5BJw==
  dependencies:
    "@eslint-community/eslint-utils" "^4.9.1"
    "@typescript-eslint/scope-manager" "8.59.4"
    "@typescript-eslint/types" "8.59.4"
    "@typescript-eslint/typescript-estree" "8.59.4"

"@typescript-eslint/visitor-keys@8.59.4":
  version "8.59.4"
  resolved "https://registry.yarnpkg.com/@typescript-eslint/visitor-keys/-/visitor-keys-8.59.4.tgz#1ac23b747b011f5cbdb449da97769f6c5f3a9355"
  integrity sha512-U3gxVaDVnuZKhSspW/MzMxE1kq7zOdc072FcSNoqA1I9p8HyKbBFfEHoWckBAMgNMph4MamwS5iTVzFmrnt8TQ==
  dependencies:
    "@typescript-eslint/types" "8.59.4"
    eslint-visitor-keys "^5.0.0"

balanced-match@^4.0.2:
  version "4.0.4"
  resolved "https://registry.yarnpkg.com/balanced-match/-/balanced-match-4.0.4.tgz#bfb10662feed8196a2c62e7c68e17720c274179a"
  integrity sha512-BLrgEcRTwX2o6gGxGOCNyMvGSp35YofuYzw9h1IMTRmKqttAZZVU67bdb9Pr2vUHA8+j3i2tJfjO6C6+4myGTA==

brace-expansion@^5.0.5:
  version "5.0.6"
  resolved "https://registry.yarnpkg.com/brace-expansion/-/brace-expansion-5.0.6.tgz#ec68fe0a641a29d8711579caf641d05bae1f2285"
  integrity sha512-kLpxurY4Z4r9sgMsyG0Z9uzsBlgiU/EFKhj/h91/8yHu0edo7XuixOIH3VcJ8kkxs6/jPzoI6U9Vj3WqbMQ94g==
  dependencies:
    balanced-match "^4.0.2"

debug@^4.4.3:
  version "4.4.3"
  resolved "https://registry.yarnpkg.com/debug/-/debug-4.4.3.tgz#c6ae432d9bd9662582fce08709b038c58e9e3d6a"
  integrity sha512-RGwwWnwQvkVfavKVt22FGLw+xYSdzARwm0ru6DhTVA3umU5hZc28V3kO4stgYryrTlLpuvgI9GiijltAjNbcqA==
  dependencies:
    ms "^2.1.3"

eslint-plugin-react-hooks@^4.6.0:
  version "4.6.0"
  resolved "https://registry.yarnpkg.com/eslint-plugin-react-hooks/-/eslint-plugin-react-hooks-4.6.0.tgz#4c3e697ad95b77e93f8646aaa1630c1ba607edd3"
  integrity sha512-oFc7Itz9Qxh2x4gNHStv3BqJq54ExXmfC+a1NjAta66IAN87Wu0R/QArgIS9qKzX3dXKPI9H5crl9QchNMY9+g==

eslint-visitor-keys@^3.4.3:
  version "3.4.3"
  resolved "https://registry.yarnpkg.com/eslint-visitor-keys/-/eslint-visitor-keys-3.4.3.tgz#0cd72fe8550e3c2eae156a96a4dddcd1c8ac5800"
  integrity sha512-wpc+LXeiyiisxPlEkUzU6svyS1frIO3Mgxj1fdy7Pm8Ygzguax2N3Fa/D/ag1WqbOprdI+uY6wMUl8/a2G+iag==

eslint-visitor-keys@^5.0.0:
  version "5.0.1"
  resolved "https://registry.yarnpkg.com/eslint-visitor-keys/-/eslint-visitor-keys-5.0.1.tgz#9e3c9489697824d2d4ce3a8ad12628f91e9f59be"
  integrity sha512-tD40eHxA35h0PEIZNeIjkHoDR4YjjJp34biM0mDvplBe//mB+IHCqHDGV7pxF+7MklTvighcCPPZC7ynWyjdTA==

fdir@^6.5.0:
  version "6.5.0"
  resolved "https://registry.yarnpkg.com/fdir/-/fdir-6.5.0.tgz#ed2ab967a331ade62f18d077dae192684d50d350"
  integrity sha512-tIbYtZbucOs0BRGqPJkshJUYdL+SDH7dVM8gjy+ERp3WAUjLEFJE+02kanyHtwjWOnwrKYBiwAmM0p4kLJAnXg==

ignore@^7.0.5:
  version "7.0.5"
  resolved "https://registry.yarnpkg.com/ignore/-/ignore-7.0.5.tgz#4cb5f6cd7d4c7ab0365738c7aea888baa6d7efd9"
  integrity sha512-Hs59xBNfUIunMFgWAbGX5cq6893IbWg4KnrjbYwX3tx0ztorVgTDA6B2sxf8ejHJ4wz8BqGUMYlnzNBer5NvGg==

minimatch@^10.2.2:
  version "10.2.5"
  resolved "https://registry.yarnpkg.com/minimatch/-/minimatch-10.2.5.tgz#bd48687a0be38ed2961399105600f832095861d1"
  integrity sha512-MULkVLfKGYDFYejP07QOurDLLQpcjk7Fw+7jXS2R2czRQzR56yHRveU5NDJEOviH+hETZKSkIk5c+T23GjFUMg==
  dependencies:
    brace-expansion "^5.0.5"

ms@^2.1.3:
  version "2.1.3"
  resolved "https://registry.yarnpkg.com/ms/-/ms-2.1.3.tgz#574c8138ce1d2b5861f0b44579dbadd60c6615b2"
  integrity sha512-6FlzubTLZG3J2a/NVCAleEhjzq5oxgHyaCU9yYXvcLsvoVaHJq/s5xXI6/XXP6tz7R9xAOtHnSO/tXtF3WRTlA==

natural-compare@^1.4.0:
  version "1.4.0"
  resolved "https://registry.yarnpkg.com/natural-compare/-/natural-compare-1.4.0.tgz#4abebfeed7541f2c27acfb29bdbbd15c8d5ba4f7"
  integrity sha512-OWND8ei3VtNC9h7V60qff3SVobHr996CTwgxubgyQYEpg290h9J0buyECNNJexkFm5sOajh5G116RYA1c8ZMSw==

picomatch@^4.0.4:
  version "4.0.4"
  resolved "https://registry.yarnpkg.com/picomatch/-/picomatch-4.0.4.tgz#fd6f5e00a143086e074dffe4c924b8fb293b0589"
  integrity sha512-QP88BAKvMam/3NxH6vj2o21R6MjxZUAd6nlwAS/pnGvN9IVLocLHxGYIzFhg6fUQ+5th6P4dv4eW9jX3DSIj7A==

semver@^7.7.3:
  version "7.8.1"
  resolved "https://registry.yarnpkg.com/semver/-/semver-7.8.1.tgz#bf4970b5e70fda0686363cc18bfe8805d5ed957e"
  integrity sha512-rkVq3IXh+4FDGch+KwzX3aV9W3kO54GyEgpvBzSyctDA6Xtd7RJQV1xmXbeQp5v7+VzLOfVqiutSE6GICgPFvg==

tinyglobby@^0.2.15:
  version "0.2.16"
  resolved "https://registry.yarnpkg.com/tinyglobby/-/tinyglobby-0.2.16.tgz#1c3b7eb953fce42b226bc5a1ee06428281aff3d6"
  integrity sha512-pn99VhoACYR8nFHhxqix+uvsbXineAasWm5ojXoN8xEwK5Kd3/TrhNn1wByuD52UxWRLy8pu+kRMniEi6Eq9Zg==
  dependencies:
    fdir "^6.5.0"
    picomatch "^4.0.4"

ts-api-utils@^2.5.0:
  version "2.5.0"
  resolved "https://registry.yarnpkg.com/ts-api-utils/-/ts-api-utils-2.5.0.tgz#4acd4a155e22734990a5ed1fe9e97f113bcb37c1"
  integrity sha512-OJ/ibxhPlqrMM0UiNHJ/0CKQkoKF243/AEmplt3qpRgkW8VG7IfOS41h7V8TjITqdByHzrjcS/2si+y4lIh8NA==
