# THIS IS AN AUTOGENERATED FILE. DO NOT EDIT THIS FILE DIRECTLY.
# yarn lockfile v1


eslint-plugin-babel@^5.2.0:
  version "5.2.0"
  resolved "https://registry.yarnpkg.com/eslint-plugin-babel/-/eslint-plugin-babel-5.2.0.tgz#3041a0c26aa3ca4a0e0f2aa11591f0396790d981"
  dependencies:
    eslint-rule-composer "^0.3.0"

eslint-rule-composer@^0.3.0:
  version "0.3.0"
  resolved "https://registry.yarnpkg.com/eslint-rule-composer/-/eslint-rule-composer-0.3.0.tgz#79320c927b0c5c0d3d3d2b76c8b4a488f25bbaf9"
